
Microsoft Visual Studio Solution File, Format Version 12.00
# Visual Studio Version 17
VisualStudioVersion = 17.10.34916.146
MinimumVisualStudioVersion = 10.0.40219.1
Project("{9A19103F-16F7-4668-BE54-9A1E7A4F7556}") = "Dotnet.Link", "Dotnet.Link\Dotnet.Link.csproj", "{3EF1A8CB-18AA-4111-8FED-80B060E780E8}"
EndProject
Project("{9A19103F-16F7-4668-BE54-9A1E7A4F7556}") = "Dotnet.Link.Tests", "Dotnet.Link.Tests\Dotnet.Link.Tests.csproj", "{7AD20F3E-5A2E-4B29-949D-BFA8832ADCBA}"
EndProject
Global
	GlobalSection(SolutionConfigurationPlatforms) = preSolution
		Debug|Any CPU = Debug|Any CPU
		Debug|x64 = Debug|x64
		Debug|x86 = Debug|x86
		Release|Any CPU = Release|Any CPU
		Release|x64 = Release|x64
		Release|x86 = Release|x86
	EndGlobalSection
	GlobalSection(ProjectConfigurationPlatforms) = postSolution
		{3EF1A8CB-18AA-4111-8FED-80B060E780E8}.Debug|Any CPU.ActiveCfg = Debug|Any CPU
		{3EF1A8CB-18AA-4111-8FED-80B060E780E8}.Debug|Any CPU.Build.0 = Debug|Any CPU
		{3EF1A8CB-18AA-4111-8FED-80B060E780E8}.Debug|x64.ActiveCfg = Debug|Any CPU
		{3EF1A8CB-18AA-4111-8FED-80B060E780E8}.Debug|x64.Build.0 = Debug|Any CPU
		{3EF1A8CB-18AA-4111-8FED-80B060E780E8}.Debug|x86.ActiveCfg = Debug|Any CPU
		{3EF1A8CB-18AA-4111-8FED-80B060E780E8}.Debug|x86.Build.0 = Debug|Any CPU
		{3EF1A8CB-18AA-4111-8FED-80B060E780E8}.Release|Any CPU.ActiveCfg = Release|Any CPU
		{3EF1A8CB-18AA-4111-8FED-80B060E780E8}.Release|Any CPU.Build.0 = Release|Any CPU
		{3EF1A8CB-18AA-4111-8FED-80B060E780E8}.Release|x64.ActiveCfg = Release|Any CPU
		{3EF1A8CB-18AA-4111-8FED-80B060E780E8}.Release|x64.Build.0 = Release|Any CPU
		{3EF1A8CB-18AA-4111-8FED-80B060E780E8}.Release|x86.ActiveCfg = Release|Any CPU
		{3EF1A8CB-18AA-4111-8FED-80B060E780E8}.Release|x86.Build.0 = Release|Any CPU
		{7AD20F3E-5A2E-4B29-949D-BFA8832ADCBA}.Debug|Any CPU.ActiveCfg = Debug|Any CPU
		{7AD20F3E-5A2E-4B29-949D-BFA8832ADCBA}.Debug|Any CPU.Build.0 = Debug|Any CPU
		{7AD20F3E-5A2E-4B29-949D-BFA8832ADCBA}.Debug|x64.ActiveCfg = Debug|Any CPU
		{7AD20F3E-5A2E-4B29-949D-BFA8832ADCBA}.Debug|x64.Build.0 = Debug|Any CPU
		{7AD20F3E-5A2E-4B29-949D-BFA8832ADCBA}.Debug|x86.ActiveCfg = Debug|Any CPU
		{7AD20F3E-5A2E-4B29-949D-BFA8832ADCBA}.Debug|x86.Build.0 = Debug|Any CPU
		{7AD20F3E-5A2E-4B29-949D-BFA8832ADCBA}.Release|Any CPU.ActiveCfg = Release|Any CPU
		{7AD20F3E-5A2E-4B29-949D-BFA8832ADCBA}.Release|Any CPU.Build.0 = Release|Any CPU
		{7AD20F3E-5A2E-4B29-949D-BFA8832ADCBA}.Release|x64.ActiveCfg = Release|Any CPU
		{7AD20F3E-5A2E-4B29-949D-BFA8832ADCBA}.Release|x64.Build.0 = Release|Any CPU
		{7AD20F3E-5A2E-4B29-949D-BFA8832ADCBA}.Release|x86.ActiveCfg = Release|Any CPU
		{7AD20F3E-5A2E-4B29-949D-BFA8832ADCBA}.Release|x86.Build.0 = Release|Any CPU
	EndGlobalSection
	GlobalSection(SolutionProperties) = preSolution
		HideSolutionNode = FALSE
	EndGlobalSection
	GlobalSection(ExtensibilityGlobals) = postSolution
		SolutionGuid = {8974CC0D-455D-42B5-9C7D-8699D19E613C}
	EndGlobalSection
EndGlobal
